
Microsoft Visual Studio Solution File, Format Version 12.00
# Visual Studio 15
VisualStudioVersion = 15.0.28010.2041
MinimumVisualStudioVersion = 10.0.40219.1
Project("{9A19103F-16F7-4668-BE54-9A1E7A4F7556}") = "Task1", "Task1\Task1.csproj", "{D0BC9C3F-F882-4DCF-B550-939F200685B2}"
EndProject
Project("{9A19103F-16F7-4668-BE54-9A1E7A4F7556}") = "Task2", "Task2\Task2.csproj", "{A3EA6874-22E8-4945-AB09-3547C013DCB9}"
EndProject
Project("{FAE04EC0-301F-11D3-BF4B-00C04F79EFBC}") = "Task 3", "Task 3\Task 3.csproj", "{4AB3C77F-60D3-41D3-91E3-9B50964EC77E}"
EndProject
Project("{FAE04EC0-301F-11D3-BF4B-00C04F79EFBC}") = "Task4", "Task4\Task4.csproj", "{0BCBB264-DC8E-4892-81C0-632F782B0C51}"
EndProject
Project("{FAE04EC0-301F-11D3-BF4B-00C04F79EFBC}") = "Task5", "Task5\Task5.csproj", "{A3E24985-8D57-4512-9566-F7395D0F5563}"
EndProject
Project("{FAE04EC0-301F-11D3-BF4B-00C04F79EFBC}") = "Task6", "Task6\Task6.csproj", "{E2248873-8310-4A80-8D1A-BB8D7042687C}"
EndProject
Project("{FAE04EC0-301F-11D3-BF4B-00C04F79EFBC}") = "Task7", "Task7\Task7.csproj", "{006531EF-21DE-4657-9AAF-3D116DD400B3}"
EndProject
Project("{FAE04EC0-301F-11D3-BF4B-00C04F79EFBC}") = "Task8", "Task8\Task8.csproj", "{231763E9-0F7A-4D5D-84B9-1508F1DA5BBE}"
EndProject
Project("{FAE04EC0-301F-11D3-BF4B-00C04F79EFBC}") = "Task9", "Task9\Task9.csproj", "{88EEB845-CC04-459D-945F-224B379FEFE9}"
EndProject
Project("{FAE04EC0-301F-11D3-BF4B-00C04F79EFBC}") = "Task10", "Task10\Task10.csproj", "{D4E8B188-3059-4FD6-8E26-34303C0DC417}"
EndProject
Project("{FAE04EC0-301F-11D3-BF4B-00C04F79EFBC}") = "Task11", "Task11\Task11.csproj", "{C0CAE9ED-F7C9-4228-8C7D-855B688E43DA}"
EndProject
Project("{FAE04EC0-301F-11D3-BF4B-00C04F79EFBC}") = "Task12", "Task12\Task12.csproj", "{B0B25249-C269-4C26-A749-8591EACF43E7}"
EndProject
Project("{FAE04EC0-301F-11D3-BF4B-00C04F79EFBC}") = "Task13", "Task13\Task13.csproj", "{AA9BE3CD-C9D1-4C18-BF21-E86DB0178CD6}"
EndProject
Global
	GlobalSection(SolutionConfigurationPlatforms) = preSolution
		Debug|Any CPU = Debug|Any CPU
		Release|Any CPU = Release|Any CPU
	EndGlobalSection
	GlobalSection(ProjectConfigurationPlatforms) = postSolution
		{D0BC9C3F-F882-4DCF-B550-939F200685B2}.Debug|Any CPU.ActiveCfg = Debug|Any CPU
		{D0BC9C3F-F882-4DCF-B550-939F200685B2}.Debug|Any CPU.Build.0 = Debug|Any CPU
		{D0BC9C3F-F882-4DCF-B550-939F200685B2}.Release|Any CPU.ActiveCfg = Release|Any CPU
		{D0BC9C3F-F882-4DCF-B550-939F200685B2}.Release|Any CPU.Build.0 = Release|Any CPU
		{A3EA6874-22E8-4945-AB09-3547C013DCB9}.Debug|Any CPU.ActiveCfg = Debug|Any CPU
		{A3EA6874-22E8-4945-AB09-3547C013DCB9}.Debug|Any CPU.Build.0 = Debug|Any CPU
		{A3EA6874-22E8-4945-AB09-3547C013DCB9}.Release|Any CPU.ActiveCfg = Release|Any CPU
		{A3EA6874-22E8-4945-AB09-3547C013DCB9}.Release|Any CPU.Build.0 = Release|Any CPU
		{4AB3C77F-60D3-41D3-91E3-9B50964EC77E}.Debug|Any CPU.ActiveCfg = Debug|Any CPU
		{4AB3C77F-60D3-41D3-91E3-9B50964EC77E}.Debug|Any CPU.Build.0 = Debug|Any CPU
		{4AB3C77F-60D3-41D3-91E3-9B50964EC77E}.Release|Any CPU.ActiveCfg = Release|Any CPU
		{4AB3C77F-60D3-41D3-91E3-9B50964EC77E}.Release|Any CPU.Build.0 = Release|Any CPU
		{0BCBB264-DC8E-4892-81C0-632F782B0C51}.Debug|Any CPU.ActiveCfg = Debug|Any CPU
		{0BCBB264-DC8E-4892-81C0-632F782B0C51}.Debug|Any CPU.Build.0 = Debug|Any CPU
		{0BCBB264-DC8E-4892-81C0-632F782B0C51}.Release|Any CPU.ActiveCfg = Release|Any CPU
		{0BCBB264-DC8E-4892-81C0-632F782B0C51}.Release|Any CPU.Build.0 = Release|Any CPU
		{A3E24985-8D57-4512-9566-F7395D0F5563}.Debug|Any CPU.ActiveCfg = Debug|Any CPU
		{A3E24985-8D57-4512-9566-F7395D0F5563}.Debug|Any CPU.Build.0 = Debug|Any CPU
		{A3E24985-8D57-4512-9566-F7395D0F5563}.Release|Any CPU.ActiveCfg = Release|Any CPU
		{A3E24985-8D57-4512-9566-F7395D0F5563}.Release|Any CPU.Build.0 = Release|Any CPU
		{E2248873-8310-4A80-8D1A-BB8D7042687C}.Debug|Any CPU.ActiveCfg = Debug|Any CPU
		{E2248873-8310-4A80-8D1A-BB8D7042687C}.Debug|Any CPU.Build.0 = Debug|Any CPU
		{E2248873-8310-4A80-8D1A-BB8D7042687C}.Release|Any CPU.ActiveCfg = Release|Any CPU
		{E2248873-8310-4A80-8D1A-BB8D7042687C}.Release|Any CPU.Build.0 = Release|Any CPU
		{006531EF-21DE-4657-9AAF-3D116DD400B3}.Debug|Any CPU.ActiveCfg = Debug|Any CPU
		{006531EF-21DE-4657-9AAF-3D116DD400B3}.Debug|Any CPU.Build.0 = Debug|Any CPU
		{006531EF-21DE-4657-9AAF-3D116DD400B3}.Release|Any CPU.ActiveCfg = Release|Any CPU
		{006531EF-21DE-4657-9AAF-3D116DD400B3}.Release|Any CPU.Build.0 = Release|Any CPU
		{231763E9-0F7A-4D5D-84B9-1508F1DA5BBE}.Debug|Any CPU.ActiveCfg = Debug|Any CPU
		{231763E9-0F7A-4D5D-84B9-1508F1DA5BBE}.Debug|Any CPU.Build.0 = Debug|Any CPU
		{231763E9-0F7A-4D5D-84B9-1508F1DA5BBE}.Release|Any CPU.ActiveCfg = Release|Any CPU
		{231763E9-0F7A-4D5D-84B9-1508F1DA5BBE}.Release|Any CPU.Build.0 = Release|Any CPU
		{88EEB845-CC04-459D-945F-224B379FEFE9}.Debug|Any CPU.ActiveCfg = Debug|Any CPU
		{88EEB845-CC04-459D-945F-224B379FEFE9}.Debug|Any CPU.Build.0 = Debug|Any CPU
		{88EEB845-CC04-459D-945F-224B379FEFE9}.Release|Any CPU.ActiveCfg = Release|Any CPU
		{88EEB845-CC04-459D-945F-224B379FEFE9}.Release|Any CPU.Build.0 = Release|Any CPU
		{D4E8B188-3059-4FD6-8E26-34303C0DC417}.Debug|Any CPU.ActiveCfg = Debug|Any CPU
		{D4E8B188-3059-4FD6-8E26-34303C0DC417}.Debug|Any CPU.Build.0 = Debug|Any CPU
		{D4E8B188-3059-4FD6-8E26-34303C0DC417}.Release|Any CPU.ActiveCfg = Release|Any CPU
		{D4E8B188-3059-4FD6-8E26-34303C0DC417}.Release|Any CPU.Build.0 = Release|Any CPU
		{C0CAE9ED-F7C9-4228-8C7D-855B688E43DA}.Debug|Any CPU.ActiveCfg = Debug|Any CPU
		{C0CAE9ED-F7C9-4228-8C7D-855B688E43DA}.Debug|Any CPU.Build.0 = Debug|Any CPU
		{C0CAE9ED-F7C9-4228-8C7D-855B688E43DA}.Release|Any CPU.ActiveCfg = Release|Any CPU
		{C0CAE9ED-F7C9-4228-8C7D-855B688E43DA}.Release|Any CPU.Build.0 = Release|Any CPU
		{B0B25249-C269-4C26-A749-8591EACF43E7}.Debug|Any CPU.ActiveCfg = Debug|Any CPU
		{B0B25249-C269-4C26-A749-8591EACF43E7}.Debug|Any CPU.Build.0 = Debug|Any CPU
		{B0B25249-C269-4C26-A749-8591EACF43E7}.Release|Any CPU.ActiveCfg = Release|Any CPU
		{B0B25249-C269-4C26-A749-8591EACF43E7}.Release|Any CPU.Build.0 = Release|Any CPU
		{AA9BE3CD-C9D1-4C18-BF21-E86DB0178CD6}.Debug|Any CPU.ActiveCfg = Debug|Any CPU
		{AA9BE3CD-C9D1-4C18-BF21-E86DB0178CD6}.Debug|Any CPU.Build.0 = Debug|Any CPU
		{AA9BE3CD-C9D1-4C18-BF21-E86DB0178CD6}.Release|Any CPU.ActiveCfg = Release|Any CPU
		{AA9BE3CD-C9D1-4C18-BF21-E86DB0178CD6}.Release|Any CPU.Build.0 = Release|Any CPU
	EndGlobalSection
	GlobalSection(SolutionProperties) = preSolution
		HideSolutionNode = FALSE
	EndGlobalSection
	GlobalSection(ExtensibilityGlobals) = postSolution
		SolutionGuid = {01505C51-9777-4B2A-AAA3-87A504BDDD85}
	EndGlobalSection
EndGlobal
